
Microsoft Visual Studio Solution File, Format Version 12.00
# Visual Studio Version 17
VisualStudioVersion = 17.9.34622.214
MinimumVisualStudioVersion = 10.0.40219.1
Project("{FAE04EC0-301F-11D3-BF4B-00C04F79EFBC}") = "FarmApp", "FarmApp\FarmApp.csproj", "{A6373AC7-D1C0-4016-BD07-598B99C0B6EF}"
EndProject
Global
	GlobalSection(SolutionConfigurationPlatforms) = preSolution
		Debug|Any CPU = Debug|Any CPU
		Release|Any CPU = Release|Any CPU
	EndGlobalSection
	GlobalSection(ProjectConfigurationPlatforms) = postSolution
		{A6373AC7-D1C0-4016-BD07-598B99C0B6EF}.Debug|Any CPU.ActiveCfg = Debug|Any CPU
		{A6373AC7-D1C0-4016-BD07-598B99C0B6EF}.Debug|Any CPU.Build.0 = Debug|Any CPU
		{A6373AC7-D1C0-4016-BD07-598B99C0B6EF}.Release|Any CPU.ActiveCfg = Release|Any CPU
		{A6373AC7-D1C0-4016-BD07-598B99C0B6EF}.Release|Any CPU.Build.0 = Release|Any CPU
	EndGlobalSection
	GlobalSection(SolutionProperties) = preSolution
		HideSolutionNode = FALSE
	EndGlobalSection
	GlobalSection(ExtensibilityGlobals) = postSolution
		SolutionGuid = {1C73D157-2CD6-42C5-ADB7-2E7E31AE4A25}
	EndGlobalSection
EndGlobal
